
Microsoft Visual Studio Solution File, Format Version 12.00
# Visual Studio Version 16
VisualStudioVersion = 16.0.31205.134
MinimumVisualStudioVersion = 10.0.40219.1
Project("{9A19103F-16F7-4668-BE54-9A1E7A4F7556}") = "ProductRecommendation", "ProductRecommendation\ProductRecommendation.csproj", "{C414A155-BAC1-4D1E-9D2E-230DC773E0A2}"
EndProject
Project("{9A19103F-16F7-4668-BE54-9A1E7A4F7556}") = "ProductRecommendationHangfire", "ProductRecommendationHangfire\ProductRecommendationHangfire.csproj", "{9DBC185F-8C6B-46FA-8050-E0C47151511A}"
EndProject
Project("{2150E333-8FDC-42A3-9474-1A3956D46DE8}") = "Library", "Library", "{B6D0B2E6-67D9-40D9-A214-EB3F468B0264}"
EndProject
Project("{9A19103F-16F7-4668-BE54-9A1E7A4F7556}") = "ProductRecommendationService", "ProductRecommendationService\ProductRecommendationService.csproj", "{05089D3B-726B-494D-BB96-45EA54A49B98}"
EndProject
Project("{9A19103F-16F7-4668-BE54-9A1E7A4F7556}") = "ProductRecommendationRepository", "ProductRecommendationRepository\ProductRecommendationRepository.csproj", "{79AAF346-12DB-4F34-9C2B-97CFA9CB553D}"
EndProject
Project("{FAE04EC0-301F-11D3-BF4B-00C04F79EFBC}") = "ProductRecommendationModel", "ProductRecommendationModel\ProductRecommendationModel.csproj", "{53A3B4B3-DBA8-4691-8FA1-35FFEB68F7E4}"
EndProject
Global
	GlobalSection(SolutionConfigurationPlatforms) = preSolution
		Debug|Any CPU = Debug|Any CPU
		Release|Any CPU = Release|Any CPU
	EndGlobalSection
	GlobalSection(ProjectConfigurationPlatforms) = postSolution
		{C414A155-BAC1-4D1E-9D2E-230DC773E0A2}.Debug|Any CPU.ActiveCfg = Debug|Any CPU
		{C414A155-BAC1-4D1E-9D2E-230DC773E0A2}.Debug|Any CPU.Build.0 = Debug|Any CPU
		{C414A155-BAC1-4D1E-9D2E-230DC773E0A2}.Release|Any CPU.ActiveCfg = Release|Any CPU
		{C414A155-BAC1-4D1E-9D2E-230DC773E0A2}.Release|Any CPU.Build.0 = Release|Any CPU
		{9DBC185F-8C6B-46FA-8050-E0C47151511A}.Debug|Any CPU.ActiveCfg = Debug|Any CPU
		{9DBC185F-8C6B-46FA-8050-E0C47151511A}.Debug|Any CPU.Build.0 = Debug|Any CPU
		{9DBC185F-8C6B-46FA-8050-E0C47151511A}.Release|Any CPU.ActiveCfg = Release|Any CPU
		{9DBC185F-8C6B-46FA-8050-E0C47151511A}.Release|Any CPU.Build.0 = Release|Any CPU
		{05089D3B-726B-494D-BB96-45EA54A49B98}.Debug|Any CPU.ActiveCfg = Debug|Any CPU
		{05089D3B-726B-494D-BB96-45EA54A49B98}.Debug|Any CPU.Build.0 = Debug|Any CPU
		{05089D3B-726B-494D-BB96-45EA54A49B98}.Release|Any CPU.ActiveCfg = Release|Any CPU
		{05089D3B-726B-494D-BB96-45EA54A49B98}.Release|Any CPU.Build.0 = Release|Any CPU
		{79AAF346-12DB-4F34-9C2B-97CFA9CB553D}.Debug|Any CPU.ActiveCfg = Debug|Any CPU
		{79AAF346-12DB-4F34-9C2B-97CFA9CB553D}.Debug|Any CPU.Build.0 = Debug|Any CPU
		{79AAF346-12DB-4F34-9C2B-97CFA9CB553D}.Release|Any CPU.ActiveCfg = Release|Any CPU
		{79AAF346-12DB-4F34-9C2B-97CFA9CB553D}.Release|Any CPU.Build.0 = Release|Any CPU
		{53A3B4B3-DBA8-4691-8FA1-35FFEB68F7E4}.Debug|Any CPU.ActiveCfg = Debug|Any CPU
		{53A3B4B3-DBA8-4691-8FA1-35FFEB68F7E4}.Debug|Any CPU.Build.0 = Debug|Any CPU
		{53A3B4B3-DBA8-4691-8FA1-35FFEB68F7E4}.Release|Any CPU.ActiveCfg = Release|Any CPU
		{53A3B4B3-DBA8-4691-8FA1-35FFEB68F7E4}.Release|Any CPU.Build.0 = Release|Any CPU
	EndGlobalSection
	GlobalSection(SolutionProperties) = preSolution
		HideSolutionNode = FALSE
	EndGlobalSection
	GlobalSection(NestedProjects) = preSolution
		{05089D3B-726B-494D-BB96-45EA54A49B98} = {B6D0B2E6-67D9-40D9-A214-EB3F468B0264}
		{79AAF346-12DB-4F34-9C2B-97CFA9CB553D} = {B6D0B2E6-67D9-40D9-A214-EB3F468B0264}
	EndGlobalSection
	GlobalSection(ExtensibilityGlobals) = postSolution
		SolutionGuid = {4FC2C1B0-0810-46FD-ACD2-691BABF2664E}
	EndGlobalSection
EndGlobal
